<Solution>
  <Folder Name="/src/api/">
    <Project Path="src/api/ExamSystem.API/ExamSystem.API.csproj" />
    <Project Path="src/api/ExamSystem.Application/ExamSystem.Application.csproj" />
    <Project Path="src/api/ExamSystem.Domain/ExamSystem.Domain.csproj" />
    <Project Path="src/api/ExamSystem.Infrastructure/ExamSystem.Infrastructure.csproj" />
  </Folder>
</Solution>
